
Microsoft Visual Studio Solution File, Format Version 12.00
# Visual Studio 15
VisualStudioVersion = 15.0.26430.12
MinimumVisualStudioVersion = 10.0.40219.1
Project("{D954291E-2A0B-460D-934E-DC6B0785DB48}") = "FluxApp", "FluxApp\FluxApp\FluxApp.shproj", "{5A1C57FA-2072-4B07-974A-B0C5626720DF}"
EndProject
Project("{FAE04EC0-301F-11D3-BF4B-00C04F79EFBC}") = "FluxApp.Android", "FluxApp\FluxApp.Android\FluxApp.Android.csproj", "{685E9BE7-E4B0-4FD4-9E7D-30989ABC774E}"
EndProject
Project("{FAE04EC0-301F-11D3-BF4B-00C04F79EFBC}") = "FluxApp.iOS", "FluxApp\FluxApp.iOS\FluxApp.iOS.csproj", "{A7E4806D-3A4F-4335-8D0F-A6A6C4D1DA14}"
EndProject
Project("{FAE04EC0-301F-11D3-BF4B-00C04F79EFBC}") = "FluxApp.UWP", "FluxApp\FluxApp.UWP\FluxApp.UWP.csproj", "{8A33827E-7C8B-4EAE-822C-449074C6DD09}"
EndProject
Project("{FAE04EC0-301F-11D3-BF4B-00C04F79EFBC}") = "FluxApp.MobileAppService", "FluxApp\FluxApp.MobileAppService\FluxApp.MobileAppService.csproj", "{62476ACA-6956-4D68-AEC0-32197766A4A6}"
EndProject
Global
	GlobalSection(SharedMSBuildProjectFiles) = preSolution
		FluxApp\FluxApp\FluxApp.projitems*{5a1c57fa-2072-4b07-974a-b0c5626720df}*SharedItemsImports = 13
		FluxApp\FluxApp\FluxApp.projitems*{685e9be7-e4b0-4fd4-9e7d-30989abc774e}*SharedItemsImports = 4
		FluxApp\FluxApp\FluxApp.projitems*{8a33827e-7c8b-4eae-822c-449074c6dd09}*SharedItemsImports = 4
		FluxApp\FluxApp\FluxApp.projitems*{a7e4806d-3a4f-4335-8d0f-a6a6c4d1da14}*SharedItemsImports = 4
	EndGlobalSection
	GlobalSection(SolutionConfigurationPlatforms) = preSolution
		Debug|Any CPU = Debug|Any CPU
		Debug|ARM = Debug|ARM
		Debug|iPhone = Debug|iPhone
		Debug|iPhoneSimulator = Debug|iPhoneSimulator
		Debug|x64 = Debug|x64
		Debug|x86 = Debug|x86
		Release|Any CPU = Release|Any CPU
		Release|ARM = Release|ARM
		Release|iPhone = Release|iPhone
		Release|iPhoneSimulator = Release|iPhoneSimulator
		Release|x64 = Release|x64
		Release|x86 = Release|x86
	EndGlobalSection
	GlobalSection(ProjectConfigurationPlatforms) = postSolution
		{685E9BE7-E4B0-4FD4-9E7D-30989ABC774E}.Debug|Any CPU.ActiveCfg = Debug|Any CPU
		{685E9BE7-E4B0-4FD4-9E7D-30989ABC774E}.Debug|Any CPU.Build.0 = Debug|Any CPU
		{685E9BE7-E4B0-4FD4-9E7D-30989ABC774E}.Debug|Any CPU.Deploy.0 = Debug|Any CPU
		{685E9BE7-E4B0-4FD4-9E7D-30989ABC774E}.Debug|ARM.ActiveCfg = Debug|Any CPU
		{685E9BE7-E4B0-4FD4-9E7D-30989ABC774E}.Debug|ARM.Build.0 = Debug|Any CPU
		{685E9BE7-E4B0-4FD4-9E7D-30989ABC774E}.Debug|ARM.Deploy.0 = Debug|Any CPU
		{685E9BE7-E4B0-4FD4-9E7D-30989ABC774E}.Debug|iPhone.ActiveCfg = Debug|Any CPU
		{685E9BE7-E4B0-4FD4-9E7D-30989ABC774E}.Debug|iPhone.Build.0 = Debug|Any CPU
		{685E9BE7-E4B0-4FD4-9E7D-30989ABC774E}.Debug|iPhone.Deploy.0 = Debug|Any CPU
		{685E9BE7-E4B0-4FD4-9E7D-30989ABC774E}.Debug|iPhoneSimulator.ActiveCfg = Debug|Any CPU
		{685E9BE7-E4B0-4FD4-9E7D-30989ABC774E}.Debug|iPhoneSimulator.Build.0 = Debug|Any CPU
		{685E9BE7-E4B0-4FD4-9E7D-30989ABC774E}.Debug|iPhoneSimulator.Deploy.0 = Debug|Any CPU
		{685E9BE7-E4B0-4FD4-9E7D-30989ABC774E}.Debug|x64.ActiveCfg = Debug|Any CPU
		{685E9BE7-E4B0-4FD4-9E7D-30989ABC774E}.Debug|x64.Build.0 = Debug|Any CPU
		{685E9BE7-E4B0-4FD4-9E7D-30989ABC774E}.Debug|x64.Deploy.0 = Debug|Any CPU
		{685E9BE7-E4B0-4FD4-9E7D-30989ABC774E}.Debug|x86.ActiveCfg = Debug|Any CPU
		{685E9BE7-E4B0-4FD4-9E7D-30989ABC774E}.Debug|x86.Build.0 = Debug|Any CPU
		{685E9BE7-E4B0-4FD4-9E7D-30989ABC774E}.Debug|x86.Deploy.0 = Debug|Any CPU
		{685E9BE7-E4B0-4FD4-9E7D-30989ABC774E}.Release|Any CPU.ActiveCfg = Release|Any CPU
		{685E9BE7-E4B0-4FD4-9E7D-30989ABC774E}.Release|Any CPU.Build.0 = Release|Any CPU
		{685E9BE7-E4B0-4FD4-9E7D-30989ABC774E}.Release|Any CPU.Deploy.0 = Release|Any CPU
		{685E9BE7-E4B0-4FD4-9E7D-30989ABC774E}.Release|ARM.ActiveCfg = Release|Any CPU
		{685E9BE7-E4B0-4FD4-9E7D-30989ABC774E}.Release|ARM.Build.0 = Release|Any CPU
		{685E9BE7-E4B0-4FD4-9E7D-30989ABC774E}.Release|ARM.Deploy.0 = Release|Any CPU
		{685E9BE7-E4B0-4FD4-9E7D-30989ABC774E}.Release|iPhone.ActiveCfg = Release|Any CPU
		{685E9BE7-E4B0-4FD4-9E7D-30989ABC774E}.Release|iPhone.Build.0 = Release|Any CPU
		{685E9BE7-E4B0-4FD4-9E7D-30989ABC774E}.Release|iPhone.Deploy.0 = Release|Any CPU
		{685E9BE7-E4B0-4FD4-9E7D-30989ABC774E}.Release|iPhoneSimulator.ActiveCfg = Release|Any CPU
		{685E9BE7-E4B0-4FD4-9E7D-30989ABC774E}.Release|iPhoneSimulator.Build.0 = Release|Any CPU
		{685E9BE7-E4B0-4FD4-9E7D-30989ABC774E}.Release|iPhoneSimulator.Deploy.0 = Release|Any CPU
		{685E9BE7-E4B0-4FD4-9E7D-30989ABC774E}.Release|x64.ActiveCfg = Release|Any CPU
		{685E9BE7-E4B0-4FD4-9E7D-30989ABC774E}.Release|x64.Build.0 = Release|Any CPU
		{685E9BE7-E4B0-4FD4-9E7D-30989ABC774E}.Release|x64.Deploy.0 = Release|Any CPU
		{685E9BE7-E4B0-4FD4-9E7D-30989ABC774E}.Release|x86.ActiveCfg = Release|Any CPU
		{685E9BE7-E4B0-4FD4-9E7D-30989ABC774E}.Release|x86.Build.0 = Release|Any CPU
		{685E9BE7-E4B0-4FD4-9E7D-30989ABC774E}.Release|x86.Deploy.0 = Release|Any CPU
		{A7E4806D-3A4F-4335-8D0F-A6A6C4D1DA14}.Debug|Any CPU.ActiveCfg = Debug|iPhone
		{A7E4806D-3A4F-4335-8D0F-A6A6C4D1DA14}.Debug|ARM.ActiveCfg = Debug|iPhone
		{A7E4806D-3A4F-4335-8D0F-A6A6C4D1DA14}.Debug|iPhone.ActiveCfg = Debug|iPhone
		{A7E4806D-3A4F-4335-8D0F-A6A6C4D1DA14}.Debug|iPhone.Build.0 = Debug|iPhone
		{A7E4806D-3A4F-4335-8D0F-A6A6C4D1DA14}.Debug|iPhoneSimulator.ActiveCfg = Debug|iPhoneSimulator
		{A7E4806D-3A4F-4335-8D0F-A6A6C4D1DA14}.Debug|iPhoneSimulator.Build.0 = Debug|iPhoneSimulator
		{A7E4806D-3A4F-4335-8D0F-A6A6C4D1DA14}.Debug|x64.ActiveCfg = Debug|iPhone
		{A7E4806D-3A4F-4335-8D0F-A6A6C4D1DA14}.Debug|x86.ActiveCfg = Debug|iPhone
		{A7E4806D-3A4F-4335-8D0F-A6A6C4D1DA14}.Release|Any CPU.ActiveCfg = Release|iPhone
		{A7E4806D-3A4F-4335-8D0F-A6A6C4D1DA14}.Release|ARM.ActiveCfg = Release|iPhone
		{A7E4806D-3A4F-4335-8D0F-A6A6C4D1DA14}.Release|iPhone.ActiveCfg = Release|iPhone
		{A7E4806D-3A4F-4335-8D0F-A6A6C4D1DA14}.Release|iPhone.Build.0 = Release|iPhone
		{A7E4806D-3A4F-4335-8D0F-A6A6C4D1DA14}.Release|iPhoneSimulator.ActiveCfg = Release|iPhoneSimulator
		{A7E4806D-3A4F-4335-8D0F-A6A6C4D1DA14}.Release|iPhoneSimulator.Build.0 = Release|iPhoneSimulator
		{A7E4806D-3A4F-4335-8D0F-A6A6C4D1DA14}.Release|x64.ActiveCfg = Release|iPhone
		{A7E4806D-3A4F-4335-8D0F-A6A6C4D1DA14}.Release|x86.ActiveCfg = Release|iPhone
		{8A33827E-7C8B-4EAE-822C-449074C6DD09}.Debug|Any CPU.ActiveCfg = Debug|x86
		{8A33827E-7C8B-4EAE-822C-449074C6DD09}.Debug|ARM.ActiveCfg = Debug|ARM
		{8A33827E-7C8B-4EAE-822C-449074C6DD09}.Debug|ARM.Build.0 = Debug|ARM
		{8A33827E-7C8B-4EAE-822C-449074C6DD09}.Debug|ARM.Deploy.0 = Debug|ARM
		{8A33827E-7C8B-4EAE-822C-449074C6DD09}.Debug|iPhone.ActiveCfg = Debug|x86
		{8A33827E-7C8B-4EAE-822C-449074C6DD09}.Debug|iPhoneSimulator.ActiveCfg = Debug|x86
		{8A33827E-7C8B-4EAE-822C-449074C6DD09}.Debug|x64.ActiveCfg = Debug|x64
		{8A33827E-7C8B-4EAE-822C-449074C6DD09}.Debug|x64.Build.0 = Debug|x64
		{8A33827E-7C8B-4EAE-822C-449074C6DD09}.Debug|x64.Deploy.0 = Debug|x64
		{8A33827E-7C8B-4EAE-822C-449074C6DD09}.Debug|x86.ActiveCfg = Debug|x86
		{8A33827E-7C8B-4EAE-822C-449074C6DD09}.Debug|x86.Build.0 = Debug|x86
		{8A33827E-7C8B-4EAE-822C-449074C6DD09}.Debug|x86.Deploy.0 = Debug|x86
		{8A33827E-7C8B-4EAE-822C-449074C6DD09}.Release|Any CPU.ActiveCfg = Release|x86
		{8A33827E-7C8B-4EAE-822C-449074C6DD09}.Release|ARM.ActiveCfg = Release|ARM
		{8A33827E-7C8B-4EAE-822C-449074C6DD09}.Release|ARM.Build.0 = Release|ARM
		{8A33827E-7C8B-4EAE-822C-449074C6DD09}.Release|ARM.Deploy.0 = Release|ARM
		{8A33827E-7C8B-4EAE-822C-449074C6DD09}.Release|iPhone.ActiveCfg = Release|x86
		{8A33827E-7C8B-4EAE-822C-449074C6DD09}.Release|iPhoneSimulator.ActiveCfg = Release|x86
		{8A33827E-7C8B-4EAE-822C-449074C6DD09}.Release|x64.ActiveCfg = Release|x64
		{8A33827E-7C8B-4EAE-822C-449074C6DD09}.Release|x64.Build.0 = Release|x64
		{8A33827E-7C8B-4EAE-822C-449074C6DD09}.Release|x64.Deploy.0 = Release|x64
		{8A33827E-7C8B-4EAE-822C-449074C6DD09}.Release|x86.ActiveCfg = Release|x86
		{8A33827E-7C8B-4EAE-822C-449074C6DD09}.Release|x86.Build.0 = Release|x86
		{8A33827E-7C8B-4EAE-822C-449074C6DD09}.Release|x86.Deploy.0 = Release|x86
		{62476ACA-6956-4D68-AEC0-32197766A4A6}.Debug|Any CPU.ActiveCfg = Debug|Any CPU
		{62476ACA-6956-4D68-AEC0-32197766A4A6}.Debug|Any CPU.Build.0 = Debug|Any CPU
		{62476ACA-6956-4D68-AEC0-32197766A4A6}.Debug|ARM.ActiveCfg = Debug|Any CPU
		{62476ACA-6956-4D68-AEC0-32197766A4A6}.Debug|ARM.Build.0 = Debug|Any CPU
		{62476ACA-6956-4D68-AEC0-32197766A4A6}.Debug|iPhone.ActiveCfg = Debug|Any CPU
		{62476ACA-6956-4D68-AEC0-32197766A4A6}.Debug|iPhone.Build.0 = Debug|Any CPU
		{62476ACA-6956-4D68-AEC0-32197766A4A6}.Debug|iPhoneSimulator.ActiveCfg = Debug|Any CPU
		{62476ACA-6956-4D68-AEC0-32197766A4A6}.Debug|iPhoneSimulator.Build.0 = Debug|Any CPU
		{62476ACA-6956-4D68-AEC0-32197766A4A6}.Debug|x64.ActiveCfg = Debug|Any CPU
		{62476ACA-6956-4D68-AEC0-32197766A4A6}.Debug|x64.Build.0 = Debug|Any CPU
		{62476ACA-6956-4D68-AEC0-32197766A4A6}.Debug|x86.ActiveCfg = Debug|Any CPU
		{62476ACA-6956-4D68-AEC0-32197766A4A6}.Debug|x86.Build.0 = Debug|Any CPU
		{62476ACA-6956-4D68-AEC0-32197766A4A6}.Release|Any CPU.ActiveCfg = Release|Any CPU
		{62476ACA-6956-4D68-AEC0-32197766A4A6}.Release|Any CPU.Build.0 = Release|Any CPU
		{62476ACA-6956-4D68-AEC0-32197766A4A6}.Release|ARM.ActiveCfg = Release|Any CPU
		{62476ACA-6956-4D68-AEC0-32197766A4A6}.Release|ARM.Build.0 = Release|Any CPU
		{62476ACA-6956-4D68-AEC0-32197766A4A6}.Release|iPhone.ActiveCfg = Release|Any CPU
		{62476ACA-6956-4D68-AEC0-32197766A4A6}.Release|iPhone.Build.0 = Release|Any CPU
		{62476ACA-6956-4D68-AEC0-32197766A4A6}.Release|iPhoneSimulator.ActiveCfg = Release|Any CPU
		{62476ACA-6956-4D68-AEC0-32197766A4A6}.Release|iPhoneSimulator.Build.0 = Release|Any CPU
		{62476ACA-6956-4D68-AEC0-32197766A4A6}.Release|x64.ActiveCfg = Release|Any CPU
		{62476ACA-6956-4D68-AEC0-32197766A4A6}.Release|x64.Build.0 = Release|Any CPU
		{62476ACA-6956-4D68-AEC0-32197766A4A6}.Release|x86.ActiveCfg = Release|Any CPU
		{62476ACA-6956-4D68-AEC0-32197766A4A6}.Release|x86.Build.0 = Release|Any CPU
	EndGlobalSection
	GlobalSection(SolutionProperties) = preSolution
		HideSolutionNode = FALSE
	EndGlobalSection
EndGlobal
